
Microsoft Visual Studio Solution File, Format Version 12.00
# Visual Studio Version 17
VisualStudioVersion = 17.7.34031.279
MinimumVisualStudioVersion = 10.0.40219.1
Project("{9A19103F-16F7-4668-BE54-9A1E7A4F7556}") = "newsletter_FTOptix_1_3", "newsletter_FTOptix_1_3.csproj", "{34FE3DCD-4D48-D874-54D6-D2E74FDC8AF4}"
EndProject
Global
	GlobalSection(SolutionConfigurationPlatforms) = preSolution
		Debug|Any CPU = Debug|Any CPU
		Release|Any CPU = Release|Any CPU
	EndGlobalSection
	GlobalSection(ProjectConfigurationPlatforms) = postSolution
		{34FE3DCD-4D48-D874-54D6-D2E74FDC8AF4}.Debug|Any CPU.ActiveCfg = Debug|Any CPU
		{34FE3DCD-4D48-D874-54D6-D2E74FDC8AF4}.Debug|Any CPU.Build.0 = Debug|Any CPU
		{34FE3DCD-4D48-D874-54D6-D2E74FDC8AF4}.Release|Any CPU.ActiveCfg = Release|Any CPU
		{34FE3DCD-4D48-D874-54D6-D2E74FDC8AF4}.Release|Any CPU.Build.0 = Release|Any CPU
	EndGlobalSection
	GlobalSection(SolutionProperties) = preSolution
		HideSolutionNode = FALSE
	EndGlobalSection
	GlobalSection(ExtensibilityGlobals) = postSolution
		SolutionGuid = {8FD0FE4F-20EE-4C27-A618-B46544B1DA2B}
	EndGlobalSection
EndGlobal
